
Microsoft Visual Studio Solution File, Format Version 12.00
# Visual Studio 15
VisualStudioVersion = 15.0.27428.2043
MinimumVisualStudioVersion = 10.0.40219.1
Project("{FAE04EC0-301F-11D3-BF4B-00C04F79EFBC}") = "LojaAPI", "LojaAPI\LojaAPI.csproj", "{EB90D1AD-5852-407B-91C8-0776E5AC9037}"
EndProject
Global
	GlobalSection(SolutionConfigurationPlatforms) = preSolution
		Debug|Any CPU = Debug|Any CPU
		Release|Any CPU = Release|Any CPU
	EndGlobalSection
	GlobalSection(ProjectConfigurationPlatforms) = postSolution
		{EB90D1AD-5852-407B-91C8-0776E5AC9037}.Debug|Any CPU.ActiveCfg = Debug|Any CPU
		{EB90D1AD-5852-407B-91C8-0776E5AC9037}.Debug|Any CPU.Build.0 = Debug|Any CPU
		{EB90D1AD-5852-407B-91C8-0776E5AC9037}.Release|Any CPU.ActiveCfg = Release|Any CPU
		{EB90D1AD-5852-407B-91C8-0776E5AC9037}.Release|Any CPU.Build.0 = Release|Any CPU
	EndGlobalSection
	GlobalSection(SolutionProperties) = preSolution
		HideSolutionNode = FALSE
	EndGlobalSection
	GlobalSection(ExtensibilityGlobals) = postSolution
		SolutionGuid = {6855DAA0-8B8E-485D-A511-4BA60D26FD60}
	EndGlobalSection
EndGlobal
